
Microsoft Visual Studio Solution File, Format Version 12.00
# Visual Studio Version 17
VisualStudioVersion = 17.3.32922.545
MinimumVisualStudioVersion = 10.0.40219.1
Project("{FAE04EC0-301F-11D3-BF4B-00C04F79EFBC}") = "dbcontext_view_add_viewModel", "dbcontext_view_add_viewModel\dbcontext_view_add_viewModel.csproj", "{331F749E-CB27-44F0-A76F-F10F26FEE136}"
EndProject
Global
	GlobalSection(SolutionConfigurationPlatforms) = preSolution
		Debug|Any CPU = Debug|Any CPU
		Release|Any CPU = Release|Any CPU
	EndGlobalSection
	GlobalSection(ProjectConfigurationPlatforms) = postSolution
		{331F749E-CB27-44F0-A76F-F10F26FEE136}.Debug|Any CPU.ActiveCfg = Debug|Any CPU
		{331F749E-CB27-44F0-A76F-F10F26FEE136}.Debug|Any CPU.Build.0 = Debug|Any CPU
		{331F749E-CB27-44F0-A76F-F10F26FEE136}.Release|Any CPU.ActiveCfg = Release|Any CPU
		{331F749E-CB27-44F0-A76F-F10F26FEE136}.Release|Any CPU.Build.0 = Release|Any CPU
	EndGlobalSection
	GlobalSection(SolutionProperties) = preSolution
		HideSolutionNode = FALSE
	EndGlobalSection
	GlobalSection(ExtensibilityGlobals) = postSolution
		SolutionGuid = {A9EA8D71-CD93-45D4-96E5-B63F0347D77D}
	EndGlobalSection
EndGlobal
